
Microsoft Visual Studio Solution File, Format Version 12.00
# Visual Studio Version 17
VisualStudioVersion = 17.9.34728.123
MinimumVisualStudioVersion = 10.0.40219.1
Project("{9A19103F-16F7-4668-BE54-9A1E7A4F7556}") = "SigmaTaskDefinitionUI", "SigmaTaskDefinitionUI\SigmaTaskDefinitionUI.csproj", "{ECD5A06E-6CA2-4168-A595-ED5D7461A834}"
EndProject
Global
	GlobalSection(SolutionConfigurationPlatforms) = preSolution
		Debug|Any CPU = Debug|Any CPU
		Release|Any CPU = Release|Any CPU
	EndGlobalSection
	GlobalSection(ProjectConfigurationPlatforms) = postSolution
		{ECD5A06E-6CA2-4168-A595-ED5D7461A834}.Debug|Any CPU.ActiveCfg = Debug|Any CPU
		{ECD5A06E-6CA2-4168-A595-ED5D7461A834}.Debug|Any CPU.Build.0 = Debug|Any CPU
		{ECD5A06E-6CA2-4168-A595-ED5D7461A834}.Release|Any CPU.ActiveCfg = Release|Any CPU
		{ECD5A06E-6CA2-4168-A595-ED5D7461A834}.Release|Any CPU.Build.0 = Release|Any CPU
	EndGlobalSection
	GlobalSection(SolutionProperties) = preSolution
		HideSolutionNode = FALSE
	EndGlobalSection
	GlobalSection(ExtensibilityGlobals) = postSolution
		SolutionGuid = {8AD0D125-3DDB-4506-99D2-16586D5178D5}
	EndGlobalSection
EndGlobal
